
Microsoft Visual Studio Solution File, Format Version 12.00
# Visual Studio Version 17
VisualStudioVersion = 17.0.31903.59
MinimumVisualStudioVersion = 10.0.40219.1
Project("{FAE04EC0-301F-11D3-BF4B-00C04F79EFBC}") = "Classic.Core", "Classic.Core\Classic.Core.csproj", "{AE229C76-680A-4C3C-A825-B81B85471063}"
EndProject
Project("{FAE04EC0-301F-11D3-BF4B-00C04F79EFBC}") = "Classic.Infrastructure", "Classic.Infrastructure\Classic.Infrastructure.csproj", "{ADD0D286-99B3-4586-B187-B7B9EE114613}"
EndProject
Project("{FAE04EC0-301F-11D3-BF4B-00C04F79EFBC}") = "Classic.ScanLog", "Classic.ScanLog\Classic.ScanLog.csproj", "{C9FFB8FB-00AE-4A5D-8F43-AE1B4D48D3FE}"
EndProject
Project("{FAE04EC0-301F-11D3-BF4B-00C04F79EFBC}") = "Classic.ScanGame", "Classic.ScanGame\Classic.ScanGame.csproj", "{1BAC1F66-F33B-4290-A690-7D0E32A58DF1}"
EndProject
Project("{FAE04EC0-301F-11D3-BF4B-00C04F79EFBC}") = "Classic.Avalonia", "Classic.Avalonia\Classic.Avalonia.csproj", "{8AA67DDC-ADD1-4BDC-89AC-331F59AF4BB3}"
EndProject
Project("{FAE04EC0-301F-11D3-BF4B-00C04F79EFBC}") = "Classic.CLI", "Classic.CLI\Classic.CLI.csproj", "{0A6C2E6B-C1BD-42E8-A33D-2DCB8DFCE85A}"
EndProject
Project("{FAE04EC0-301F-11D3-BF4B-00C04F79EFBC}") = "Classic.Report", "Classic.Report\Classic.Report.csproj", "{9ADD2332-7210-464A-B698-6AAF6C97EE41}"
EndProject
Global
	GlobalSection(SolutionConfigurationPlatforms) = preSolution
		Debug|Any CPU = Debug|Any CPU
		Release|Any CPU = Release|Any CPU
	EndGlobalSection
	GlobalSection(SolutionProperties) = preSolution
		HideSolutionNode = FALSE
	EndGlobalSection
	GlobalSection(ProjectConfigurationPlatforms) = postSolution
		{AE229C76-680A-4C3C-A825-B81B85471063}.Debug|Any CPU.ActiveCfg = Debug|Any CPU
		{AE229C76-680A-4C3C-A825-B81B85471063}.Debug|Any CPU.Build.0 = Debug|Any CPU
		{AE229C76-680A-4C3C-A825-B81B85471063}.Release|Any CPU.ActiveCfg = Release|Any CPU
		{AE229C76-680A-4C3C-A825-B81B85471063}.Release|Any CPU.Build.0 = Release|Any CPU
		{ADD0D286-99B3-4586-B187-B7B9EE114613}.Debug|Any CPU.ActiveCfg = Debug|Any CPU
		{ADD0D286-99B3-4586-B187-B7B9EE114613}.Debug|Any CPU.Build.0 = Debug|Any CPU
		{ADD0D286-99B3-4586-B187-B7B9EE114613}.Release|Any CPU.ActiveCfg = Release|Any CPU
		{ADD0D286-99B3-4586-B187-B7B9EE114613}.Release|Any CPU.Build.0 = Release|Any CPU
		{C9FFB8FB-00AE-4A5D-8F43-AE1B4D48D3FE}.Debug|Any CPU.ActiveCfg = Debug|Any CPU
		{C9FFB8FB-00AE-4A5D-8F43-AE1B4D48D3FE}.Debug|Any CPU.Build.0 = Debug|Any CPU
		{C9FFB8FB-00AE-4A5D-8F43-AE1B4D48D3FE}.Release|Any CPU.ActiveCfg = Release|Any CPU
		{C9FFB8FB-00AE-4A5D-8F43-AE1B4D48D3FE}.Release|Any CPU.Build.0 = Release|Any CPU
		{1BAC1F66-F33B-4290-A690-7D0E32A58DF1}.Debug|Any CPU.ActiveCfg = Debug|Any CPU
		{1BAC1F66-F33B-4290-A690-7D0E32A58DF1}.Debug|Any CPU.Build.0 = Debug|Any CPU
		{1BAC1F66-F33B-4290-A690-7D0E32A58DF1}.Release|Any CPU.ActiveCfg = Release|Any CPU
		{1BAC1F66-F33B-4290-A690-7D0E32A58DF1}.Release|Any CPU.Build.0 = Release|Any CPU
		{8AA67DDC-ADD1-4BDC-89AC-331F59AF4BB3}.Debug|Any CPU.ActiveCfg = Debug|Any CPU
		{8AA67DDC-ADD1-4BDC-89AC-331F59AF4BB3}.Debug|Any CPU.Build.0 = Debug|Any CPU
		{8AA67DDC-ADD1-4BDC-89AC-331F59AF4BB3}.Release|Any CPU.ActiveCfg = Release|Any CPU
		{8AA67DDC-ADD1-4BDC-89AC-331F59AF4BB3}.Release|Any CPU.Build.0 = Release|Any CPU
		{0A6C2E6B-C1BD-42E8-A33D-2DCB8DFCE85A}.Debug|Any CPU.ActiveCfg = Debug|Any CPU
		{0A6C2E6B-C1BD-42E8-A33D-2DCB8DFCE85A}.Debug|Any CPU.Build.0 = Debug|Any CPU
		{0A6C2E6B-C1BD-42E8-A33D-2DCB8DFCE85A}.Release|Any CPU.ActiveCfg = Release|Any CPU
		{0A6C2E6B-C1BD-42E8-A33D-2DCB8DFCE85A}.Release|Any CPU.Build.0 = Release|Any CPU
		{9ADD2332-7210-464A-B698-6AAF6C97EE41}.Debug|Any CPU.ActiveCfg = Debug|Any CPU
		{9ADD2332-7210-464A-B698-6AAF6C97EE41}.Debug|Any CPU.Build.0 = Debug|Any CPU
		{9ADD2332-7210-464A-B698-6AAF6C97EE41}.Release|Any CPU.ActiveCfg = Release|Any CPU
		{9ADD2332-7210-464A-B698-6AAF6C97EE41}.Release|Any CPU.Build.0 = Release|Any CPU
	EndGlobalSection
EndGlobal
