<Solution>
    <Project Path="Classic.Avalonia\Classic.Avalonia.csproj" Type="Classic C#"/>
    <Project Path="Classic.CLI\Classic.CLI.csproj" Type="Classic C#"/>
    <Project Path="Classic.Core\Classic.Core.csproj" Type="Classic C#"/>
    <Project Path="Classic.Infrastructure\Classic.Infrastructure.csproj" Type="Classic C#"/>
    <Project Path="Classic.ScanGame\Classic.ScanGame.csproj" Type="Classic C#"/>
    <Project Path="Classic.ScanLog\Classic.ScanLog.csproj" Type="Classic C#"/>
</Solution>
